
Microsoft Visual Studio Solution File, Format Version 12.00
# Visual Studio 15
VisualStudioVersion = 15.0.28307.329
MinimumVisualStudioVersion = 10.0.40219.1
Project("{2150E333-8FDC-42A3-9474-1A3956D46DE8}") = "src", "src", "{D95F639B-6BD9-46D0-8D59-6C361020A83F}"
EndProject
Project("{2150E333-8FDC-42A3-9474-1A3956D46DE8}") = "docs", "docs", "{21BA9B83-404A-41B0-B222-91EA670BC566}"
EndProject
Project("{2150E333-8FDC-42A3-9474-1A3956D46DE8}") = "samples", "samples", "{1FA899D4-7A87-45C8-8337-DDE2D72CADDB}"
EndProject
Project("{2150E333-8FDC-42A3-9474-1A3956D46DE8}") = "tests", "tests", "{216E3C95-5A4A-4965-8C92-A173B6D2723D}"
EndProject
Project("{9A19103F-16F7-4668-BE54-9A1E7A4F7556}") = "SMLYS.Web", "SMLYS.Web\SMLYS.Web.csproj", "{CCF160AF-0177-40E0-891F-463BF26D6E01}"
EndProject
Project("{9A19103F-16F7-4668-BE54-9A1E7A4F7556}") = "SMLYS.Infrastructure", "SMLYS.Infrastructure\SMLYS.Infrastructure.csproj", "{084EABDF-3D44-492E-9D5D-5CF9C307A078}"
EndProject
Project("{9A19103F-16F7-4668-BE54-9A1E7A4F7556}") = "SMLYS.ApplicationCore", "SMLYS.ApplicationCore\SMLYS.ApplicationCore.csproj", "{F0C800F9-5387-496B-9F7A-DA644E071766}"
EndProject
Project("{9A19103F-16F7-4668-BE54-9A1E7A4F7556}") = "SMLYS.FunctionalTests", "SMLYS.FunctionalTests\SMLYS.FunctionalTests.csproj", "{17219861-1AB4-479C-9783-D1E790F3C56B}"
EndProject
Project("{9A19103F-16F7-4668-BE54-9A1E7A4F7556}") = "SMLYS.IntegrationTests", "SMLYS.IntegrationTests\SMLYS.IntegrationTests.csproj", "{798C2C5B-B6E4-47F4-A3D1-77534B018826}"
EndProject
Project("{9A19103F-16F7-4668-BE54-9A1E7A4F7556}") = "SMLYS.UnitTests", "SMLYS.UnitTests\SMLYS.UnitTests.csproj", "{45E313D3-1708-4A92-B2D7-D87E2254DC90}"
EndProject
Project("{9A19103F-16F7-4668-BE54-9A1E7A4F7556}") = "SMLYS.RazorClassLib", "SMLYS.RazorClassLib\SMLYS.RazorClassLib.csproj", "{BE7F62C0-6032-4B12-97DC-7FFA89343AA2}"
EndProject
Project("{FAE04EC0-301F-11D3-BF4B-00C04F79EFBC}") = "Smyls.Api", "Smyls.Api\Smyls.Api.csproj", "{E45308AC-E75E-4BDF-BF92-894B3EE4D513}"
EndProject
Global
	GlobalSection(SolutionConfigurationPlatforms) = preSolution
		Debug|Any CPU = Debug|Any CPU
		Release|Any CPU = Release|Any CPU
	EndGlobalSection
	GlobalSection(ProjectConfigurationPlatforms) = postSolution
		{CCF160AF-0177-40E0-891F-463BF26D6E01}.Debug|Any CPU.ActiveCfg = Debug|Any CPU
		{CCF160AF-0177-40E0-891F-463BF26D6E01}.Debug|Any CPU.Build.0 = Debug|Any CPU
		{CCF160AF-0177-40E0-891F-463BF26D6E01}.Release|Any CPU.ActiveCfg = Release|Any CPU
		{CCF160AF-0177-40E0-891F-463BF26D6E01}.Release|Any CPU.Build.0 = Release|Any CPU
		{084EABDF-3D44-492E-9D5D-5CF9C307A078}.Debug|Any CPU.ActiveCfg = Debug|Any CPU
		{084EABDF-3D44-492E-9D5D-5CF9C307A078}.Debug|Any CPU.Build.0 = Debug|Any CPU
		{084EABDF-3D44-492E-9D5D-5CF9C307A078}.Release|Any CPU.ActiveCfg = Release|Any CPU
		{084EABDF-3D44-492E-9D5D-5CF9C307A078}.Release|Any CPU.Build.0 = Release|Any CPU
		{F0C800F9-5387-496B-9F7A-DA644E071766}.Debug|Any CPU.ActiveCfg = Debug|Any CPU
		{F0C800F9-5387-496B-9F7A-DA644E071766}.Debug|Any CPU.Build.0 = Debug|Any CPU
		{F0C800F9-5387-496B-9F7A-DA644E071766}.Release|Any CPU.ActiveCfg = Release|Any CPU
		{F0C800F9-5387-496B-9F7A-DA644E071766}.Release|Any CPU.Build.0 = Release|Any CPU
		{17219861-1AB4-479C-9783-D1E790F3C56B}.Debug|Any CPU.ActiveCfg = Debug|Any CPU
		{17219861-1AB4-479C-9783-D1E790F3C56B}.Debug|Any CPU.Build.0 = Debug|Any CPU
		{17219861-1AB4-479C-9783-D1E790F3C56B}.Release|Any CPU.ActiveCfg = Release|Any CPU
		{17219861-1AB4-479C-9783-D1E790F3C56B}.Release|Any CPU.Build.0 = Release|Any CPU
		{798C2C5B-B6E4-47F4-A3D1-77534B018826}.Debug|Any CPU.ActiveCfg = Debug|Any CPU
		{798C2C5B-B6E4-47F4-A3D1-77534B018826}.Debug|Any CPU.Build.0 = Debug|Any CPU
		{798C2C5B-B6E4-47F4-A3D1-77534B018826}.Release|Any CPU.ActiveCfg = Release|Any CPU
		{798C2C5B-B6E4-47F4-A3D1-77534B018826}.Release|Any CPU.Build.0 = Release|Any CPU
		{45E313D3-1708-4A92-B2D7-D87E2254DC90}.Debug|Any CPU.ActiveCfg = Debug|Any CPU
		{45E313D3-1708-4A92-B2D7-D87E2254DC90}.Debug|Any CPU.Build.0 = Debug|Any CPU
		{45E313D3-1708-4A92-B2D7-D87E2254DC90}.Release|Any CPU.ActiveCfg = Release|Any CPU
		{45E313D3-1708-4A92-B2D7-D87E2254DC90}.Release|Any CPU.Build.0 = Release|Any CPU
		{BE7F62C0-6032-4B12-97DC-7FFA89343AA2}.Debug|Any CPU.ActiveCfg = Debug|Any CPU
		{BE7F62C0-6032-4B12-97DC-7FFA89343AA2}.Debug|Any CPU.Build.0 = Debug|Any CPU
		{BE7F62C0-6032-4B12-97DC-7FFA89343AA2}.Release|Any CPU.ActiveCfg = Release|Any CPU
		{BE7F62C0-6032-4B12-97DC-7FFA89343AA2}.Release|Any CPU.Build.0 = Release|Any CPU
		{E45308AC-E75E-4BDF-BF92-894B3EE4D513}.Debug|Any CPU.ActiveCfg = Debug|Any CPU
		{E45308AC-E75E-4BDF-BF92-894B3EE4D513}.Debug|Any CPU.Build.0 = Debug|Any CPU
		{E45308AC-E75E-4BDF-BF92-894B3EE4D513}.Release|Any CPU.ActiveCfg = Release|Any CPU
		{E45308AC-E75E-4BDF-BF92-894B3EE4D513}.Release|Any CPU.Build.0 = Release|Any CPU
	EndGlobalSection
	GlobalSection(SolutionProperties) = preSolution
		HideSolutionNode = FALSE
	EndGlobalSection
	GlobalSection(NestedProjects) = preSolution
		{CCF160AF-0177-40E0-891F-463BF26D6E01} = {D95F639B-6BD9-46D0-8D59-6C361020A83F}
		{084EABDF-3D44-492E-9D5D-5CF9C307A078} = {D95F639B-6BD9-46D0-8D59-6C361020A83F}
		{F0C800F9-5387-496B-9F7A-DA644E071766} = {D95F639B-6BD9-46D0-8D59-6C361020A83F}
		{17219861-1AB4-479C-9783-D1E790F3C56B} = {216E3C95-5A4A-4965-8C92-A173B6D2723D}
		{798C2C5B-B6E4-47F4-A3D1-77534B018826} = {216E3C95-5A4A-4965-8C92-A173B6D2723D}
		{45E313D3-1708-4A92-B2D7-D87E2254DC90} = {216E3C95-5A4A-4965-8C92-A173B6D2723D}
		{BE7F62C0-6032-4B12-97DC-7FFA89343AA2} = {D95F639B-6BD9-46D0-8D59-6C361020A83F}
		{E45308AC-E75E-4BDF-BF92-894B3EE4D513} = {D95F639B-6BD9-46D0-8D59-6C361020A83F}
	EndGlobalSection
	GlobalSection(ExtensibilityGlobals) = postSolution
		SolutionGuid = {C92A1B8F-9540-406B-B086-17C57DCA1EA1}
	EndGlobalSection
EndGlobal
